
Microsoft Visual Studio Solution File, Format Version 12.00
Project("{FAE04EC0-301F-11D3-BF4B-00C04F79EFBC}") = "SerializationBenchmarkDotNet", "SerializationBenchmarkDotNet\SerializationBenchmarkDotNet.csproj", "{2EAFCC0C-9A57-4470-A4E3-E5EA3B2CAA32}"
EndProject
Project("{FAE04EC0-301F-11D3-BF4B-00C04F79EFBC}") = "FlatBuffers", "FlatBuffers\FlatBuffers.csproj", "{E0623AE5-093C-461A-A2B5-7FCB51C3D1D2}"
EndProject
Project("{FAE04EC0-301F-11D3-BF4B-00C04F79EFBC}") = "BitPacker", "BitPacker\BitPacker.csproj", "{36D2D699-8A65-4806-81E8-3EFF7FD1FEE4}"
EndProject
Global
	GlobalSection(SolutionConfigurationPlatforms) = preSolution
		Debug|Any CPU = Debug|Any CPU
		Release|Any CPU = Release|Any CPU
	EndGlobalSection
	GlobalSection(ProjectConfigurationPlatforms) = postSolution
		{2EAFCC0C-9A57-4470-A4E3-E5EA3B2CAA32}.Debug|Any CPU.ActiveCfg = Debug|Any CPU
		{2EAFCC0C-9A57-4470-A4E3-E5EA3B2CAA32}.Debug|Any CPU.Build.0 = Debug|Any CPU
		{2EAFCC0C-9A57-4470-A4E3-E5EA3B2CAA32}.Release|Any CPU.ActiveCfg = Release|Any CPU
		{2EAFCC0C-9A57-4470-A4E3-E5EA3B2CAA32}.Release|Any CPU.Build.0 = Release|Any CPU
		{E0623AE5-093C-461A-A2B5-7FCB51C3D1D2}.Debug|Any CPU.ActiveCfg = Debug|Any CPU
		{E0623AE5-093C-461A-A2B5-7FCB51C3D1D2}.Debug|Any CPU.Build.0 = Debug|Any CPU
		{E0623AE5-093C-461A-A2B5-7FCB51C3D1D2}.Release|Any CPU.ActiveCfg = Release|Any CPU
		{E0623AE5-093C-461A-A2B5-7FCB51C3D1D2}.Release|Any CPU.Build.0 = Release|Any CPU
		{36D2D699-8A65-4806-81E8-3EFF7FD1FEE4}.Debug|Any CPU.ActiveCfg = Debug|Any CPU
		{36D2D699-8A65-4806-81E8-3EFF7FD1FEE4}.Debug|Any CPU.Build.0 = Debug|Any CPU
		{36D2D699-8A65-4806-81E8-3EFF7FD1FEE4}.Release|Any CPU.ActiveCfg = Release|Any CPU
		{36D2D699-8A65-4806-81E8-3EFF7FD1FEE4}.Release|Any CPU.Build.0 = Release|Any CPU
	EndGlobalSection
EndGlobal
